Microsoft Visual Studio Solution File, Format Version 12.00
# Visual Studio Version 17
VisualStudioVersion = 17.0.31903.59
MinimumVisualStudioVersion = 10.0.40219.1
Project("{FAE04EC0-301F-11D3-BF4B-00C04F79EFBC}") = "LavacarWeb", "LavacarWeb\LavacarWeb.csproj", "{8A8E67D5-2E40-4B9C-9E42-3B5A8E66E5A1}"
EndProject
Project("{FAE04EC0-301F-11D3-BF4B-00C04F79EFBC}") = "LavacarBLL", "LavacarBLL\LavacarBLL.csproj", "{C4B1A4F3-1B39-43C4-9F0C-3B9F5A5B7D21}"
EndProject
Project("{FAE04EC0-301F-11D3-BF4B-00C04F79EFBC}") = "LavacarDAL", "LavacarDAL\LavacarDAL.csproj", "{A4B1F3C9-9D4A-4F74-AF17-5B7C9A1E3D2F}"
EndProject
Global
	GlobalSection(SolutionConfigurationPlatforms) = preSolution
		Debug|Any CPU = Debug|Any CPU
		Release|Any CPU = Release|Any CPU
	EndGlobalSection
	GlobalSection(ProjectConfigurationPlatforms) = postSolution
		{8A8E67D5-2E40-4B9C-9E42-3B5A8E66E5A1}.Debug|Any CPU.ActiveCfg = Debug|Any CPU
		{8A8E67D5-2E40-4B9C-9E42-3B5A8E66E5A1}.Debug|Any CPU.Build.0 = Debug|Any CPU
		{8A8E67D5-2E40-4B9C-9E42-3B5A8E66E5A1}.Release|Any CPU.ActiveCfg = Release|Any CPU
		{8A8E67D5-2E40-4B9C-9E42-3B5A8E66E5A1}.Release|Any CPU.Build.0 = Release|Any CPU

		{C4B1A4F3-1B39-43C4-9F0C-3B9F5A5B7D21}.Debug|Any CPU.ActiveCfg = Debug|Any CPU
		{C4B1A4F3-1B39-43C4-9F0C-3B9F5A5B7D21}.Debug|Any CPU.Build.0 = Debug|Any CPU
		{C4B1A4F3-1B39-43C4-9F0C-3B9F5A5B7D21}.Release|Any CPU.ActiveCfg = Release|Any CPU
		{C4B1A4F3-1B39-43C4-9F0C-3B9F5A5B7D21}.Release|Any CPU.Build.0 = Release|Any CPU

		{A4B1F3C9-9D4A-4F74-AF17-5B7C9A1E3D2F}.Debug|Any CPU.ActiveCfg = Debug|Any CPU
		{A4B1F3C9-9D4A-4F74-AF17-5B7C9A1E3D2F}.Debug|Any CPU.Build.0 = Debug|Any CPU
		{A4B1F3C9-9D4A-4F74-AF17-5B7C9A1E3D2F}.Release|Any CPU.ActiveCfg = Release|Any CPU
		{A4B1F3C9-9D4A-4F74-AF17-5B7C9A1E3D2F}.Release|Any CPU.Build.0 = Release|Any CPU
	EndGlobalSection
EndGlobal
